# THIS IS AN AUTOGENERATED FILE. DO NOT EDIT THIS FILE DIRECTLY.
# yarn lockfile v1


"@orisano/lines-stream@^0.1.2":
  version "0.1.2"
  resolved "https://registry.yarnpkg.com/@orisano/lines-stream/-/lines-stream-0.1.2.tgz#ebac8657359893b392b242b1015eb06ef1d7862d"
  integrity sha512-JQWmy06i1xs0x7nK+NGEOivUqi5aYUklsKrAa6Wwo+IzjonNDyAynFYT5DZ/Sg5n3Tt0B9Pe/7VibkQRpY2f+A==

js-base64@^3.6.0:
  version "3.6.0"
  resolved "https://registry.yarnpkg.com/js-base64/-/js-base64-3.6.0.tgz#773e1de628f4f298d65a7e9842c50244751f5756"
  integrity sha512-wVdUBYQeY2gY73RIlPrysvpYx+2vheGo8Y1SNQv/BzHToWpAZzJU7Z6uheKMAe+GLSBig5/Ps2nxg/8tRB73xg==

pako@^0.2.5:
  version "0.2.9"
  resolved "https://registry.yarnpkg.com/pako/-/pako-0.2.9.tgz#f3f7522f4ef782348da8161bad9ecfd51bf83a75"
  integrity sha1-8/dSL073gjSNqBYbrZ7P1Rv4OnU=

prettier@^2.0.5:
  version "2.0.5"
  resolved "https://registry.yarnpkg.com/prettier/-/prettier-2.0.5.tgz#d6d56282455243f2f92cc1716692c08aa31522d4"
  integrity sha512-7PtVymN48hGcO4fGjybyBSIWDsLU4H4XlvOHfq91pz9kkGlonzwTfYkaIEwiRg/dAJF9YlbsduBAgtYLi+8cFg==

tiny-inflate@^1.0.0:
  version "1.0.2"
  resolved "https://registry.yarnpkg.com/tiny-inflate/-/tiny-inflate-1.0.2.tgz#93d9decffc8805bd57eae4310f0b745e9b6fb3a7"
  integrity sha1-k9nez/yIBb1X6uQxDwt0Xptvs6c=

unicode-trie@^2.0.0:
  version "2.0.0"
  resolved "https://registry.yarnpkg.com/unicode-trie/-/unicode-trie-2.0.0.tgz#8fd8845696e2e14a8b67d78fa9e0dd2cad62fec8"
  integrity sha512-x7bc76x0bm4prf1VLg79uhAzKw8DVboClSN5VxJuQ+LKDOVEW9CdH+VY7SP+vX7xCYQqzzgQpFqz15zeLvAtZQ==
  dependencies:
    pako "^0.2.5"
    tiny-inflate "^1.0.0"
